
Microsoft Visual Studio Solution File, Format Version 12.00
# Visual Studio Version 17
VisualStudioVersion = 17.9.34622.214
MinimumVisualStudioVersion = 10.0.40219.1
Project("{FAE04EC0-301F-11D3-BF4B-00C04F79EFBC}") = "ProductApi", "ProductApi\ProductApi.csproj", "{D96D80F6-454E-484B-8EDA-355AE56D84BC}"
EndProject
Global
	GlobalSection(SolutionConfigurationPlatforms) = preSolution
		Debug|Any CPU = Debug|Any CPU
		Release|Any CPU = Release|Any CPU
	EndGlobalSection
	GlobalSection(ProjectConfigurationPlatforms) = postSolution
		{D96D80F6-454E-484B-8EDA-355AE56D84BC}.Debug|Any CPU.ActiveCfg = Debug|Any CPU
		{D96D80F6-454E-484B-8EDA-355AE56D84BC}.Debug|Any CPU.Build.0 = Debug|Any CPU
		{D96D80F6-454E-484B-8EDA-355AE56D84BC}.Release|Any CPU.ActiveCfg = Release|Any CPU
		{D96D80F6-454E-484B-8EDA-355AE56D84BC}.Release|Any CPU.Build.0 = Release|Any CPU
	EndGlobalSection
	GlobalSection(SolutionProperties) = preSolution
		HideSolutionNode = FALSE
	EndGlobalSection
	GlobalSection(ExtensibilityGlobals) = postSolution
		SolutionGuid = {F00F8531-4F86-43B7-9BCB-4BCD6A5FBB11}
	EndGlobalSection
EndGlobal
